
Microsoft Visual Studio Solution File, Format Version 12.00
# Visual Studio Version 17
VisualStudioVersion = 17.0.31903.59
MinimumVisualStudioVersion = 10.0.40219.1
Project("{2150E333-8FDC-42A3-9474-1A3956D46DE8}") = "Services", "Services", "{5854FF58-B8C5-05C6-5BF2-ACE42193F22B}"
EndProject
Project("{2150E333-8FDC-42A3-9474-1A3956D46DE8}") = "Catalog", "Catalog", "{944ACC7E-4FFC-A2A2-09E1-98A62C66F8DB}"
EndProject
Project("{FAE04EC0-301F-11D3-BF4B-00C04F79EFBC}") = "Catalog.API", "Services\Catalog\Catalog.API\Catalog.API.csproj", "{68D7B1C0-7A74-4BB3-B4D3-E4AEEBFFCBA9}"
EndProject
Project("{2150E333-8FDC-42A3-9474-1A3956D46DE8}") = "BuildingBlocks", "BuildingBlocks", "{7266C4A9-E384-DC00-0EB6-47F6002CFBA7}"
EndProject
Project("{FAE04EC0-301F-11D3-BF4B-00C04F79EFBC}") = "BuildingBlocks", "BuildingBlocks\BuildingBlocks\BuildingBlocks.csproj", "{1934A8A8-048F-4164-BA48-1F6B9A70F987}"
EndProject
Project("{2150E333-8FDC-42A3-9474-1A3956D46DE8}") = "Solution Items", "Solution Items", "{18D3A7C6-43D6-4C44-AA6F-CCC4D3700578}"
	ProjectSection(SolutionItems) = preProject
		compose.yaml = compose.yaml
	EndProjectSection
EndProject
Project("{2150E333-8FDC-42A3-9474-1A3956D46DE8}") = "Basket", "Basket", "{3CC4C429-ADC3-42BA-8A45-9095F8EAF0DF}"
EndProject
Project("{FAE04EC0-301F-11D3-BF4B-00C04F79EFBC}") = "Basket.API", "Services\Basket.API\Basket.API.csproj", "{D60D4B1E-3720-40CE-AE3B-E38D88886087}"
EndProject
Project("{2150E333-8FDC-42A3-9474-1A3956D46DE8}") = "Discount", "Discount", "{F1691307-3888-43ED-9C62-A8524882208D}"
EndProject
Project("{FAE04EC0-301F-11D3-BF4B-00C04F79EFBC}") = "Discount.Grpc", "Services\Discount\Discount.Grpc\Discount.Grpc.csproj", "{1E0FCF1F-FE24-413C-9C22-C638DFCC34EE}"
EndProject
Project("{2150E333-8FDC-42A3-9474-1A3956D46DE8}") = "Ordering", "Ordering", "{270BF615-5134-42BF-A425-6BB9992A8050}"
EndProject
Project("{FAE04EC0-301F-11D3-BF4B-00C04F79EFBC}") = "Ordering.API", "Services\Ordering\Ordering.API\Ordering.API.csproj", "{C270DA0F-535D-44BE-B6A7-B488E288E8F7}"
EndProject
Project("{FAE04EC0-301F-11D3-BF4B-00C04F79EFBC}") = "Ordering.Domain", "Services\Ordering\Ordering.Domain\Ordering.Domain.csproj", "{DA16C167-CFB6-4495-95FB-C7B8716446E9}"
EndProject
Project("{FAE04EC0-301F-11D3-BF4B-00C04F79EFBC}") = "Ordering.Application", "Services\Ordering\Ordering.Application\Ordering.Application.csproj", "{929B2F9A-18C3-4430-995B-7C6C70B892FD}"
EndProject
Project("{FAE04EC0-301F-11D3-BF4B-00C04F79EFBC}") = "Ordering.Infrastructure", "Services\Ordering\Ordering.Infrastructure\Ordering.Infrastructure.csproj", "{AE731726-B71B-4994-8788-4A4E3FC6E0D1}"
EndProject
Project("{FAE04EC0-301F-11D3-BF4B-00C04F79EFBC}") = "BuildingBlocks.Messaging", "BuildingBlocks\BuildingBlocks.Messaging\BuildingBlocks.Messaging.csproj", "{63A5E978-81E5-49A4-BCC3-C4FC69EFA62F}"
EndProject
Project("{2150E333-8FDC-42A3-9474-1A3956D46DE8}") = "ApiGateways", "ApiGateways", "{D1A2D5F1-8751-4C5E-AA70-947BFE08DBDD}"
EndProject
Project("{FAE04EC0-301F-11D3-BF4B-00C04F79EFBC}") = "YarpApiGateway", "ApiGateways\YarpApiGateway\YarpApiGateway.csproj", "{860D3709-06FD-4DD5-82D9-FA88CB80024F}"
EndProject
Global
	GlobalSection(SolutionConfigurationPlatforms) = preSolution
		Debug|Any CPU = Debug|Any CPU
		Debug|x64 = Debug|x64
		Debug|x86 = Debug|x86
		Release|Any CPU = Release|Any CPU
		Release|x64 = Release|x64
		Release|x86 = Release|x86
	EndGlobalSection
	GlobalSection(ProjectConfigurationPlatforms) = postSolution
		{68D7B1C0-7A74-4BB3-B4D3-E4AEEBFFCBA9}.Debug|Any CPU.ActiveCfg = Debug|Any CPU
		{68D7B1C0-7A74-4BB3-B4D3-E4AEEBFFCBA9}.Debug|Any CPU.Build.0 = Debug|Any CPU
		{68D7B1C0-7A74-4BB3-B4D3-E4AEEBFFCBA9}.Debug|x64.ActiveCfg = Debug|Any CPU
		{68D7B1C0-7A74-4BB3-B4D3-E4AEEBFFCBA9}.Debug|x64.Build.0 = Debug|Any CPU
		{68D7B1C0-7A74-4BB3-B4D3-E4AEEBFFCBA9}.Debug|x86.ActiveCfg = Debug|Any CPU
		{68D7B1C0-7A74-4BB3-B4D3-E4AEEBFFCBA9}.Debug|x86.Build.0 = Debug|Any CPU
		{68D7B1C0-7A74-4BB3-B4D3-E4AEEBFFCBA9}.Release|Any CPU.ActiveCfg = Release|Any CPU
		{68D7B1C0-7A74-4BB3-B4D3-E4AEEBFFCBA9}.Release|Any CPU.Build.0 = Release|Any CPU
		{68D7B1C0-7A74-4BB3-B4D3-E4AEEBFFCBA9}.Release|x64.ActiveCfg = Release|Any CPU
		{68D7B1C0-7A74-4BB3-B4D3-E4AEEBFFCBA9}.Release|x64.Build.0 = Release|Any CPU
		{68D7B1C0-7A74-4BB3-B4D3-E4AEEBFFCBA9}.Release|x86.ActiveCfg = Release|Any CPU
		{68D7B1C0-7A74-4BB3-B4D3-E4AEEBFFCBA9}.Release|x86.Build.0 = Release|Any CPU
		{1934A8A8-048F-4164-BA48-1F6B9A70F987}.Debug|Any CPU.ActiveCfg = Debug|Any CPU
		{1934A8A8-048F-4164-BA48-1F6B9A70F987}.Debug|Any CPU.Build.0 = Debug|Any CPU
		{1934A8A8-048F-4164-BA48-1F6B9A70F987}.Debug|x64.ActiveCfg = Debug|Any CPU
		{1934A8A8-048F-4164-BA48-1F6B9A70F987}.Debug|x64.Build.0 = Debug|Any CPU
		{1934A8A8-048F-4164-BA48-1F6B9A70F987}.Debug|x86.ActiveCfg = Debug|Any CPU
		{1934A8A8-048F-4164-BA48-1F6B9A70F987}.Debug|x86.Build.0 = Debug|Any CPU
		{1934A8A8-048F-4164-BA48-1F6B9A70F987}.Release|Any CPU.ActiveCfg = Release|Any CPU
		{1934A8A8-048F-4164-BA48-1F6B9A70F987}.Release|Any CPU.Build.0 = Release|Any CPU
		{1934A8A8-048F-4164-BA48-1F6B9A70F987}.Release|x64.ActiveCfg = Release|Any CPU
		{1934A8A8-048F-4164-BA48-1F6B9A70F987}.Release|x64.Build.0 = Release|Any CPU
		{1934A8A8-048F-4164-BA48-1F6B9A70F987}.Release|x86.ActiveCfg = Release|Any CPU
		{1934A8A8-048F-4164-BA48-1F6B9A70F987}.Release|x86.Build.0 = Release|Any CPU
		{D60D4B1E-3720-40CE-AE3B-E38D88886087}.Debug|Any CPU.ActiveCfg = Debug|Any CPU
		{D60D4B1E-3720-40CE-AE3B-E38D88886087}.Debug|Any CPU.Build.0 = Debug|Any CPU
		{D60D4B1E-3720-40CE-AE3B-E38D88886087}.Debug|x64.ActiveCfg = Debug|Any CPU
		{D60D4B1E-3720-40CE-AE3B-E38D88886087}.Debug|x64.Build.0 = Debug|Any CPU
		{D60D4B1E-3720-40CE-AE3B-E38D88886087}.Debug|x86.ActiveCfg = Debug|Any CPU
		{D60D4B1E-3720-40CE-AE3B-E38D88886087}.Debug|x86.Build.0 = Debug|Any CPU
		{D60D4B1E-3720-40CE-AE3B-E38D88886087}.Release|Any CPU.ActiveCfg = Release|Any CPU
		{D60D4B1E-3720-40CE-AE3B-E38D88886087}.Release|Any CPU.Build.0 = Release|Any CPU
		{D60D4B1E-3720-40CE-AE3B-E38D88886087}.Release|x64.ActiveCfg = Release|Any CPU
		{D60D4B1E-3720-40CE-AE3B-E38D88886087}.Release|x64.Build.0 = Release|Any CPU
		{D60D4B1E-3720-40CE-AE3B-E38D88886087}.Release|x86.ActiveCfg = Release|Any CPU
		{D60D4B1E-3720-40CE-AE3B-E38D88886087}.Release|x86.Build.0 = Release|Any CPU
		{1E0FCF1F-FE24-413C-9C22-C638DFCC34EE}.Debug|Any CPU.ActiveCfg = Debug|Any CPU
		{1E0FCF1F-FE24-413C-9C22-C638DFCC34EE}.Debug|Any CPU.Build.0 = Debug|Any CPU
		{1E0FCF1F-FE24-413C-9C22-C638DFCC34EE}.Debug|x64.ActiveCfg = Debug|Any CPU
		{1E0FCF1F-FE24-413C-9C22-C638DFCC34EE}.Debug|x64.Build.0 = Debug|Any CPU
		{1E0FCF1F-FE24-413C-9C22-C638DFCC34EE}.Debug|x86.ActiveCfg = Debug|Any CPU
		{1E0FCF1F-FE24-413C-9C22-C638DFCC34EE}.Debug|x86.Build.0 = Debug|Any CPU
		{1E0FCF1F-FE24-413C-9C22-C638DFCC34EE}.Release|Any CPU.ActiveCfg = Release|Any CPU
		{1E0FCF1F-FE24-413C-9C22-C638DFCC34EE}.Release|Any CPU.Build.0 = Release|Any CPU
		{1E0FCF1F-FE24-413C-9C22-C638DFCC34EE}.Release|x64.ActiveCfg = Release|Any CPU
		{1E0FCF1F-FE24-413C-9C22-C638DFCC34EE}.Release|x64.Build.0 = Release|Any CPU
		{1E0FCF1F-FE24-413C-9C22-C638DFCC34EE}.Release|x86.ActiveCfg = Release|Any CPU
		{1E0FCF1F-FE24-413C-9C22-C638DFCC34EE}.Release|x86.Build.0 = Release|Any CPU
		{C270DA0F-535D-44BE-B6A7-B488E288E8F7}.Debug|Any CPU.ActiveCfg = Debug|Any CPU
		{C270DA0F-535D-44BE-B6A7-B488E288E8F7}.Debug|Any CPU.Build.0 = Debug|Any CPU
		{C270DA0F-535D-44BE-B6A7-B488E288E8F7}.Debug|x64.ActiveCfg = Debug|Any CPU
		{C270DA0F-535D-44BE-B6A7-B488E288E8F7}.Debug|x64.Build.0 = Debug|Any CPU
		{C270DA0F-535D-44BE-B6A7-B488E288E8F7}.Debug|x86.ActiveCfg = Debug|Any CPU
		{C270DA0F-535D-44BE-B6A7-B488E288E8F7}.Debug|x86.Build.0 = Debug|Any CPU
		{C270DA0F-535D-44BE-B6A7-B488E288E8F7}.Release|Any CPU.ActiveCfg = Release|Any CPU
		{C270DA0F-535D-44BE-B6A7-B488E288E8F7}.Release|Any CPU.Build.0 = Release|Any CPU
		{C270DA0F-535D-44BE-B6A7-B488E288E8F7}.Release|x64.ActiveCfg = Release|Any CPU
		{C270DA0F-535D-44BE-B6A7-B488E288E8F7}.Release|x64.Build.0 = Release|Any CPU
		{C270DA0F-535D-44BE-B6A7-B488E288E8F7}.Release|x86.ActiveCfg = Release|Any CPU
		{C270DA0F-535D-44BE-B6A7-B488E288E8F7}.Release|x86.Build.0 = Release|Any CPU
		{DA16C167-CFB6-4495-95FB-C7B8716446E9}.Debug|Any CPU.ActiveCfg = Debug|Any CPU
		{DA16C167-CFB6-4495-95FB-C7B8716446E9}.Debug|Any CPU.Build.0 = Debug|Any CPU
		{DA16C167-CFB6-4495-95FB-C7B8716446E9}.Debug|x64.ActiveCfg = Debug|Any CPU
		{DA16C167-CFB6-4495-95FB-C7B8716446E9}.Debug|x64.Build.0 = Debug|Any CPU
		{DA16C167-CFB6-4495-95FB-C7B8716446E9}.Debug|x86.ActiveCfg = Debug|Any CPU
		{DA16C167-CFB6-4495-95FB-C7B8716446E9}.Debug|x86.Build.0 = Debug|Any CPU
		{DA16C167-CFB6-4495-95FB-C7B8716446E9}.Release|Any CPU.ActiveCfg = Release|Any CPU
		{DA16C167-CFB6-4495-95FB-C7B8716446E9}.Release|Any CPU.Build.0 = Release|Any CPU
		{DA16C167-CFB6-4495-95FB-C7B8716446E9}.Release|x64.ActiveCfg = Release|Any CPU
		{DA16C167-CFB6-4495-95FB-C7B8716446E9}.Release|x64.Build.0 = Release|Any CPU
		{DA16C167-CFB6-4495-95FB-C7B8716446E9}.Release|x86.ActiveCfg = Release|Any CPU
		{DA16C167-CFB6-4495-95FB-C7B8716446E9}.Release|x86.Build.0 = Release|Any CPU
		{929B2F9A-18C3-4430-995B-7C6C70B892FD}.Debug|Any CPU.ActiveCfg = Debug|Any CPU
		{929B2F9A-18C3-4430-995B-7C6C70B892FD}.Debug|Any CPU.Build.0 = Debug|Any CPU
		{929B2F9A-18C3-4430-995B-7C6C70B892FD}.Debug|x64.ActiveCfg = Debug|Any CPU
		{929B2F9A-18C3-4430-995B-7C6C70B892FD}.Debug|x64.Build.0 = Debug|Any CPU
		{929B2F9A-18C3-4430-995B-7C6C70B892FD}.Debug|x86.ActiveCfg = Debug|Any CPU
		{929B2F9A-18C3-4430-995B-7C6C70B892FD}.Debug|x86.Build.0 = Debug|Any CPU
		{929B2F9A-18C3-4430-995B-7C6C70B892FD}.Release|Any CPU.ActiveCfg = Release|Any CPU
		{929B2F9A-18C3-4430-995B-7C6C70B892FD}.Release|Any CPU.Build.0 = Release|Any CPU
		{929B2F9A-18C3-4430-995B-7C6C70B892FD}.Release|x64.ActiveCfg = Release|Any CPU
		{929B2F9A-18C3-4430-995B-7C6C70B892FD}.Release|x64.Build.0 = Release|Any CPU
		{929B2F9A-18C3-4430-995B-7C6C70B892FD}.Release|x86.ActiveCfg = Release|Any CPU
		{929B2F9A-18C3-4430-995B-7C6C70B892FD}.Release|x86.Build.0 = Release|Any CPU
		{AE731726-B71B-4994-8788-4A4E3FC6E0D1}.Debug|Any CPU.ActiveCfg = Debug|Any CPU
		{AE731726-B71B-4994-8788-4A4E3FC6E0D1}.Debug|Any CPU.Build.0 = Debug|Any CPU
		{AE731726-B71B-4994-8788-4A4E3FC6E0D1}.Debug|x64.ActiveCfg = Debug|Any CPU
		{AE731726-B71B-4994-8788-4A4E3FC6E0D1}.Debug|x64.Build.0 = Debug|Any CPU
		{AE731726-B71B-4994-8788-4A4E3FC6E0D1}.Debug|x86.ActiveCfg = Debug|Any CPU
		{AE731726-B71B-4994-8788-4A4E3FC6E0D1}.Debug|x86.Build.0 = Debug|Any CPU
		{AE731726-B71B-4994-8788-4A4E3FC6E0D1}.Release|Any CPU.ActiveCfg = Release|Any CPU
		{AE731726-B71B-4994-8788-4A4E3FC6E0D1}.Release|Any CPU.Build.0 = Release|Any CPU
		{AE731726-B71B-4994-8788-4A4E3FC6E0D1}.Release|x64.ActiveCfg = Release|Any CPU
		{AE731726-B71B-4994-8788-4A4E3FC6E0D1}.Release|x64.Build.0 = Release|Any CPU
		{AE731726-B71B-4994-8788-4A4E3FC6E0D1}.Release|x86.ActiveCfg = Release|Any CPU
		{AE731726-B71B-4994-8788-4A4E3FC6E0D1}.Release|x86.Build.0 = Release|Any CPU
		{63A5E978-81E5-49A4-BCC3-C4FC69EFA62F}.Debug|Any CPU.ActiveCfg = Debug|Any CPU
		{63A5E978-81E5-49A4-BCC3-C4FC69EFA62F}.Debug|Any CPU.Build.0 = Debug|Any CPU
		{63A5E978-81E5-49A4-BCC3-C4FC69EFA62F}.Debug|x64.ActiveCfg = Debug|Any CPU
		{63A5E978-81E5-49A4-BCC3-C4FC69EFA62F}.Debug|x64.Build.0 = Debug|Any CPU
		{63A5E978-81E5-49A4-BCC3-C4FC69EFA62F}.Debug|x86.ActiveCfg = Debug|Any CPU
		{63A5E978-81E5-49A4-BCC3-C4FC69EFA62F}.Debug|x86.Build.0 = Debug|Any CPU
		{63A5E978-81E5-49A4-BCC3-C4FC69EFA62F}.Release|Any CPU.ActiveCfg = Release|Any CPU
		{63A5E978-81E5-49A4-BCC3-C4FC69EFA62F}.Release|Any CPU.Build.0 = Release|Any CPU
		{63A5E978-81E5-49A4-BCC3-C4FC69EFA62F}.Release|x64.ActiveCfg = Release|Any CPU
		{63A5E978-81E5-49A4-BCC3-C4FC69EFA62F}.Release|x64.Build.0 = Release|Any CPU
		{63A5E978-81E5-49A4-BCC3-C4FC69EFA62F}.Release|x86.ActiveCfg = Release|Any CPU
		{63A5E978-81E5-49A4-BCC3-C4FC69EFA62F}.Release|x86.Build.0 = Release|Any CPU
		{860D3709-06FD-4DD5-82D9-FA88CB80024F}.Debug|Any CPU.ActiveCfg = Debug|Any CPU
		{860D3709-06FD-4DD5-82D9-FA88CB80024F}.Debug|Any CPU.Build.0 = Debug|Any CPU
		{860D3709-06FD-4DD5-82D9-FA88CB80024F}.Debug|x64.ActiveCfg = Debug|Any CPU
		{860D3709-06FD-4DD5-82D9-FA88CB80024F}.Debug|x64.Build.0 = Debug|Any CPU
		{860D3709-06FD-4DD5-82D9-FA88CB80024F}.Debug|x86.ActiveCfg = Debug|Any CPU
		{860D3709-06FD-4DD5-82D9-FA88CB80024F}.Debug|x86.Build.0 = Debug|Any CPU
		{860D3709-06FD-4DD5-82D9-FA88CB80024F}.Release|Any CPU.ActiveCfg = Release|Any CPU
		{860D3709-06FD-4DD5-82D9-FA88CB80024F}.Release|Any CPU.Build.0 = Release|Any CPU
		{860D3709-06FD-4DD5-82D9-FA88CB80024F}.Release|x64.ActiveCfg = Release|Any CPU
		{860D3709-06FD-4DD5-82D9-FA88CB80024F}.Release|x64.Build.0 = Release|Any CPU
		{860D3709-06FD-4DD5-82D9-FA88CB80024F}.Release|x86.ActiveCfg = Release|Any CPU
		{860D3709-06FD-4DD5-82D9-FA88CB80024F}.Release|x86.Build.0 = Release|Any CPU
	EndGlobalSection
	GlobalSection(SolutionProperties) = preSolution
		HideSolutionNode = FALSE
	EndGlobalSection
	GlobalSection(NestedProjects) = preSolution
		{944ACC7E-4FFC-A2A2-09E1-98A62C66F8DB} = {5854FF58-B8C5-05C6-5BF2-ACE42193F22B}
		{68D7B1C0-7A74-4BB3-B4D3-E4AEEBFFCBA9} = {944ACC7E-4FFC-A2A2-09E1-98A62C66F8DB}
		{1934A8A8-048F-4164-BA48-1F6B9A70F987} = {7266C4A9-E384-DC00-0EB6-47F6002CFBA7}
		{3CC4C429-ADC3-42BA-8A45-9095F8EAF0DF} = {5854FF58-B8C5-05C6-5BF2-ACE42193F22B}
		{D60D4B1E-3720-40CE-AE3B-E38D88886087} = {3CC4C429-ADC3-42BA-8A45-9095F8EAF0DF}
		{F1691307-3888-43ED-9C62-A8524882208D} = {5854FF58-B8C5-05C6-5BF2-ACE42193F22B}
		{1E0FCF1F-FE24-413C-9C22-C638DFCC34EE} = {F1691307-3888-43ED-9C62-A8524882208D}
		{C270DA0F-535D-44BE-B6A7-B488E288E8F7} = {270BF615-5134-42BF-A425-6BB9992A8050}
		{DA16C167-CFB6-4495-95FB-C7B8716446E9} = {270BF615-5134-42BF-A425-6BB9992A8050}
		{929B2F9A-18C3-4430-995B-7C6C70B892FD} = {270BF615-5134-42BF-A425-6BB9992A8050}
		{AE731726-B71B-4994-8788-4A4E3FC6E0D1} = {270BF615-5134-42BF-A425-6BB9992A8050}
		{270BF615-5134-42BF-A425-6BB9992A8050} = {5854FF58-B8C5-05C6-5BF2-ACE42193F22B}
		{63A5E978-81E5-49A4-BCC3-C4FC69EFA62F} = {7266C4A9-E384-DC00-0EB6-47F6002CFBA7}
		{860D3709-06FD-4DD5-82D9-FA88CB80024F} = {D1A2D5F1-8751-4C5E-AA70-947BFE08DBDD}
	EndGlobalSection
EndGlobal
